{
  "object": {
    "pins": [
      {
        "package": "open-crypto",
        "repositoryURL": "https://github.com/vapor/crypto.git",
        "state": {
          "branch": null,
          "revision": "90c49bc68ee6d992fa13cf84ca8fc54b97eaf4cc",
          "version": "4.0.0-beta.2"
        }
      }
    ]
  },
  "version": 1
}
