// !$*UTF8*$!
{
	archiveVersion = 1;
	classes = {
	};
	objectVersion = 52;
	objects = {

/* Begin PBXBuildFile section */
		BA09A90224E136CA00798DBC /* openssl.xcframework in Frameworks */ = {isa = PBXBuildFile; fileRef = BA09A90124E136CA00798DBC /* openssl.xcframework */; };
		D114544621A6BDE6001BEC61 /* DeviceIdentifierTests.swift in Sources */ = {isa = PBXBuildFile; fileRef = D114544521A6BDE6001BEC61 /* DeviceIdentifierTests.swift */; };
		D1239FFF1F6A7B5000D0421E /* AppleIncRootCertificate.cer in Resources */ = {isa = PBXBuildFile; fileRef = D19095C41F601DEA0095729B /* AppleIncRootCertificate.cer */; };
		D13E5B7D20331B9B001880F0 /* DropAcceptingTextView.swift in Sources */ = {isa = PBXBuildFile; fileRef = D13E5B7C20331B9B001880F0 /* DropAcceptingTextView.swift */; };
		D14FA7321F61476700545540 /* mac_mindnode_rebought_receipt in Resources */ = {isa = PBXBuildFile; fileRef = D14FA7311F61472400545540 /* mac_mindnode_rebought_receipt */; };
		D14FA7381F6181C700545540 /* OpenSSLWrappers.swift in Sources */ = {isa = PBXBuildFile; fileRef = D14FA7371F6181C700545540 /* OpenSSLWrappers.swift */; };
		D14FA73B1F618B0100545540 /* ASN1Helpers.swift in Sources */ = {isa = PBXBuildFile; fileRef = D14FA73A1F618B0100545540 /* ASN1Helpers.swift */; };
		D150A0E41F6694990026ED04 /* mindnode_ios_michaelsandbox_receipt1.b64 in Resources */ = {isa = PBXBuildFile; fileRef = D150A0E21F66936B0026ED04 /* mindnode_ios_michaelsandbox_receipt1.b64 */; };
		D150A0EA1F66989A0026ED04 /* mindnode_ios_michaelsandbox_receipt2.b64 in Resources */ = {isa = PBXBuildFile; fileRef = D150A0E81F6698950026ED04 /* mindnode_ios_michaelsandbox_receipt2.b64 */; };
		D150A0EE1F669A880026ED04 /* AppReceiptValidationInAppPurchaseTests.swift in Sources */ = {isa = PBXBuildFile; fileRef = D150A0ED1F669A880026ED04 /* AppReceiptValidationInAppPurchaseTests.swift */; };
		D150A0F11F67E0990026ED04 /* Date+Convenience.swift in Sources */ = {isa = PBXBuildFile; fileRef = D14FA72E1F6143C400545540 /* Date+Convenience.swift */; };
		D15358AE1F62C12500F297D0 /* grandUnifiedExpiredAppleCert_receipt.b64 in Resources */ = {isa = PBXBuildFile; fileRef = D15358A51F62BEC100F297D0 /* grandUnifiedExpiredAppleCert_receipt.b64 */; };
		D15358B41F62C47400F297D0 /* deprecatedSinglesTypeExpiredAppleCert_receipt.b64 in Resources */ = {isa = PBXBuildFile; fileRef = D15358B11F62C3C400F297D0 /* deprecatedSinglesTypeExpiredAppleCert_receipt.b64 */; };
		D15358EF1F62D2C100F297D0 /* AppReceiptValidator.framework in Embed Frameworks */ = {isa = PBXBuildFile; fileRef = D1D6F4B51F5D684C00E86FE1 /* AppReceiptValidator.framework */; settings = {ATTRIBUTES = (CodeSignOnCopy, RemoveHeadersOnCopy, ); }; };
		D19095841F6000A40095729B /* AppDelegate.swift in Sources */ = {isa = PBXBuildFile; fileRef = D19095831F6000A40095729B /* AppDelegate.swift */; };
		D19095861F6000A40095729B /* ViewController.swift in Sources */ = {isa = PBXBuildFile; fileRef = D19095851F6000A40095729B /* ViewController.swift */; };
		D19095881F6000A40095729B /* Assets.xcassets in Resources */ = {isa = PBXBuildFile; fileRef = D19095871F6000A40095729B /* Assets.xcassets */; };
		D190958B1F6000A40095729B /* Main.storyboard in Resources */ = {isa = PBXBuildFile; fileRef = D19095891F6000A40095729B /* Main.storyboard */; };
		D19095AE1F6001800095729B /* AppReceiptValidator.framework in Frameworks */ = {isa = PBXBuildFile; fileRef = D1D6F4B51F5D684C00E86FE1 /* AppReceiptValidator.framework */; };
		D19095B81F6003AB0095729B /* AppReceiptValidator.framework in Frameworks */ = {isa = PBXBuildFile; fileRef = D1D6F4B51F5D684C00E86FE1 /* AppReceiptValidator.framework */; };
		D19095C31F6019FC0095729B /* DeviceIdentifier+installedDeviceIdentifier_iOS.swift in Sources */ = {isa = PBXBuildFile; fileRef = D19095C11F6019E70095729B /* DeviceIdentifier+installedDeviceIdentifier_iOS.swift */; };
		D19095C71F601E580095729B /* TestAssetLoading.swift in Sources */ = {isa = PBXBuildFile; fileRef = D1D6F5491F5D9B1F00E86FE1 /* TestAssetLoading.swift */; };
		D19095C81F601E5D0095729B /* hannes_mac_mindnode_Info.plist in Resources */ = {isa = PBXBuildFile; fileRef = D1D6F5441F5D8DF700E86FE1 /* hannes_mac_mindnode_Info.plist */; };
		D19095C91F601E5D0095729B /* hannes_mac_mindnode_receipt in Resources */ = {isa = PBXBuildFile; fileRef = D1D6F5461F5D8DF700E86FE1 /* hannes_mac_mindnode_receipt */; };
		D19095CA1F601E5D0095729B /* hannes_mac_mindnode_pro_Info.plist in Resources */ = {isa = PBXBuildFile; fileRef = D1D6F5471F5D8DF700E86FE1 /* hannes_mac_mindnode_pro_Info.plist */; };
		D19095CB1F601E5D0095729B /* hannes_mac_mindnode_pro_receipt in Resources */ = {isa = PBXBuildFile; fileRef = D1D6F5451F5D8DF700E86FE1 /* hannes_mac_mindnode_pro_receipt */; };
		D19095CC1F601E5D0095729B /* not_a_receipt in Resources */ = {isa = PBXBuildFile; fileRef = D1D6F54F1F5D9E8D00E86FE1 /* not_a_receipt */; };
		D19095CE1F601E980095729B /* AppReceiptValidationTests.swift in Sources */ = {isa = PBXBuildFile; fileRef = D1D6F5411F5D8A3800E86FE1 /* AppReceiptValidationTests.swift */; };
		D1A428A91FE4267A00926BA5 /* UnofficialReceipt.swift in Sources */ = {isa = PBXBuildFile; fileRef = D1A428A81FE4267A00926BA5 /* UnofficialReceipt.swift */; };
		D1AA845C1F6ABB59007F2558 /* AppReceiptPropertyValidationTests.swift in Sources */ = {isa = PBXBuildFile; fileRef = D1AA845A1F6ABB31007F2558 /* AppReceiptPropertyValidationTests.swift */; };
		D1D6F4E71F5D691400E86FE1 /* AppDelegate.swift in Sources */ = {isa = PBXBuildFile; fileRef = D1D6F4E61F5D691400E86FE1 /* AppDelegate.swift */; };
		D1D6F4E91F5D691400E86FE1 /* ViewController.swift in Sources */ = {isa = PBXBuildFile; fileRef = D1D6F4E81F5D691400E86FE1 /* ViewController.swift */; };
		D1D6F4EC1F5D691400E86FE1 /* Main.storyboard in Resources */ = {isa = PBXBuildFile; fileRef = D1D6F4EA1F5D691400E86FE1 /* Main.storyboard */; };
		D1D6F4EE1F5D691400E86FE1 /* Assets.xcassets in Resources */ = {isa = PBXBuildFile; fileRef = D1D6F4ED1F5D691400E86FE1 /* Assets.xcassets */; };
		D1D6F4F11F5D691400E86FE1 /* LaunchScreen.storyboard in Resources */ = {isa = PBXBuildFile; fileRef = D1D6F4EF1F5D691400E86FE1 /* LaunchScreen.storyboard */; };
		D1D6F53F1F5D89D000E86FE1 /* AppReceiptValidator.swift in Sources */ = {isa = PBXBuildFile; fileRef = D1D6F53E1F5D89D000E86FE1 /* AppReceiptValidator.swift */; };
		D1DFC5DA20037B8400C7B99B /* KnownOrUnknown.swift in Sources */ = {isa = PBXBuildFile; fileRef = D1DFC5D920037B8400C7B99B /* KnownOrUnknown.swift */; };
		D1FE343D1F604F020029576B /* Receipt.swift in Sources */ = {isa = PBXBuildFile; fileRef = D1FE343C1F604F020029576B /* Receipt.swift */; };
		D1FE34401F604F540029576B /* AppReceiptValidator+Parameters.swift in Sources */ = {isa = PBXBuildFile; fileRef = D1FE343F1F604F540029576B /* AppReceiptValidator+Parameters.swift */; };
		FE4C60A72502686A00CED438 /* DeviceIdentifier+installedDeviceIdentifier_macOS.swift in Sources */ = {isa = PBXBuildFile; fileRef = D19095BF1F60158B0095729B /* DeviceIdentifier+installedDeviceIdentifier_macOS.swift */; };
/* End PBXBuildFile section */

/* Begin PBXContainerItemProxy section */
		D11616D21F5ED38A00D966D5 /* PBXContainerItemProxy */ = {
			isa = PBXContainerItemProxy;
			containerPortal = D1D6F4931F5D67E600E86FE1 /* Project object */;
			proxyType = 1;
			remoteGlobalIDString = D1D6F4B41F5D684C00E86FE1;
			remoteInfo = "AppReceiptValidator iOS";
		};
		D19095AF1F6001800095729B /* PBXContainerItemProxy */ = {
			isa = PBXContainerItemProxy;
			containerPortal = D1D6F4931F5D67E600E86FE1 /* Project object */;
			proxyType = 1;
			remoteGlobalIDString = D1D6F4B41F5D684C00E86FE1;
			remoteInfo = "AppReceiptValidator iOS";
		};
		D19095B41F6001900095729B /* PBXContainerItemProxy */ = {
			isa = PBXContainerItemProxy;
			containerPortal = D1D6F4931F5D67E600E86FE1 /* Project object */;
			proxyType = 1;
			remoteGlobalIDString = D1D6F4E31F5D691400E86FE1;
			remoteInfo = "AppReceiptValidator Demo iOS";
		};
/* End PBXContainerItemProxy section */

/* Begin PBXCopyFilesBuildPhase section */
		D16E2AC924E2EC52002DD8C5 /* Embed Frameworks */ = {
			isa = PBXCopyFilesBuildPhase;
			buildActionMask = 2147483647;
			dstPath = "";
			dstSubfolderSpec = 10;
			files = (
			);
			name = "Embed Frameworks";
			runOnlyForDeploymentPostprocessing = 0;
		};
		D1D6F5071F5D696800E86FE1 /* Embed Frameworks */ = {
			isa = PBXCopyFilesBuildPhase;
			buildActionMask = 2147483647;
			dstPath = "";
			dstSubfolderSpec = 10;
			files = (
				D15358EF1F62D2C100F297D0 /* AppReceiptValidator.framework in Embed Frameworks */,
			);
			name = "Embed Frameworks";
			runOnlyForDeploymentPostprocessing = 0;
		};
/* End PBXCopyFilesBuildPhase section */

/* Begin PBXFileReference section */
		BA09A90124E136CA00798DBC /* openssl.xcframework */ = {isa = PBXFileReference; lastKnownFileType = wrapper.xcframework; path = openssl.xcframework; sourceTree = "<group>"; };
		D114544521A6BDE6001BEC61 /* DeviceIdentifierTests.swift */ = {isa = PBXFileReference; lastKnownFileType = sourcecode.swift; path = DeviceIdentifierTests.swift; sourceTree = "<group>"; };
		D13E5B7C20331B9B001880F0 /* DropAcceptingTextView.swift */ = {isa = PBXFileReference; lastKnownFileType = sourcecode.swift; path = DropAcceptingTextView.swift; sourceTree = "<group>"; };
		D14FA72E1F6143C400545540 /* Date+Convenience.swift */ = {isa = PBXFileReference; lastKnownFileType = sourcecode.swift; path = "Date+Convenience.swift"; sourceTree = "<group>"; };
		D14FA7311F61472400545540 /* mac_mindnode_rebought_receipt */ = {isa = PBXFileReference; lastKnownFileType = file; path = mac_mindnode_rebought_receipt; sourceTree = "<group>"; };
		D14FA7371F6181C700545540 /* OpenSSLWrappers.swift */ = {isa = PBXFileReference; lastKnownFileType = sourcecode.swift; path = OpenSSLWrappers.swift; sourceTree = "<group>"; };
		D14FA73A1F618B0100545540 /* ASN1Helpers.swift */ = {isa = PBXFileReference; lastKnownFileType = sourcecode.swift; path = ASN1Helpers.swift; sourceTree = "<group>"; };
		D150A0E21F66936B0026ED04 /* mindnode_ios_michaelsandbox_receipt1.b64 */ = {isa = PBXFileReference; lastKnownFileType = text; path = mindnode_ios_michaelsandbox_receipt1.b64; sourceTree = "<group>"; };
		D150A0E81F6698950026ED04 /* mindnode_ios_michaelsandbox_receipt2.b64 */ = {isa = PBXFileReference; lastKnownFileType = text; path = mindnode_ios_michaelsandbox_receipt2.b64; sourceTree = "<group>"; };
		D150A0ED1F669A880026ED04 /* AppReceiptValidationInAppPurchaseTests.swift */ = {isa = PBXFileReference; lastKnownFileType = sourcecode.swift; path = AppReceiptValidationInAppPurchaseTests.swift; sourceTree = "<group>"; };
		D15358A51F62BEC100F297D0 /* grandUnifiedExpiredAppleCert_receipt.b64 */ = {isa = PBXFileReference; lastKnownFileType = text; path = grandUnifiedExpiredAppleCert_receipt.b64; sourceTree = "<group>"; };
		D15358B11F62C3C400F297D0 /* deprecatedSinglesTypeExpiredAppleCert_receipt.b64 */ = {isa = PBXFileReference; lastKnownFileType = text; path = deprecatedSinglesTypeExpiredAppleCert_receipt.b64; sourceTree = "<group>"; };
		D19095811F6000A40095729B /* AppReceiptValidator Demo macOS.app */ = {isa = PBXFileReference; explicitFileType = wrapper.application; includeInIndex = 0; path = "AppReceiptValidator Demo macOS.app"; sourceTree = BUILT_PRODUCTS_DIR; };
		D19095831F6000A40095729B /* AppDelegate.swift */ = {isa = PBXFileReference; lastKnownFileType = sourcecode.swift; path = AppDelegate.swift; sourceTree = "<group>"; };
		D19095851F6000A40095729B /* ViewController.swift */ = {isa = PBXFileReference; lastKnownFileType = sourcecode.swift; path = ViewController.swift; sourceTree = "<group>"; };
		D19095871F6000A40095729B /* Assets.xcassets */ = {isa = PBXFileReference; lastKnownFileType = folder.assetcatalog; path = Assets.xcassets; sourceTree = "<group>"; };
		D190958A1F6000A40095729B /* Base */ = {isa = PBXFileReference; lastKnownFileType = file.storyboard; name = Base; path = Base.lproj/Main.storyboard; sourceTree = "<group>"; };
		D190958C1F6000A40095729B /* Info.plist */ = {isa = PBXFileReference; lastKnownFileType = text.plist.xml; path = Info.plist; sourceTree = "<group>"; };
		D190958D1F6000A40095729B /* AppReceiptValidator_Demo_macOS.entitlements */ = {isa = PBXFileReference; lastKnownFileType = text.plist.entitlements; path = AppReceiptValidator_Demo_macOS.entitlements; sourceTree = "<group>"; };
		D19095981F6000A40095729B /* Info.plist */ = {isa = PBXFileReference; lastKnownFileType = text.plist.xml; path = Info.plist; sourceTree = "<group>"; };
		D19095A91F6001800095729B /* AppReceiptValidator Tests.xctest */ = {isa = PBXFileReference; explicitFileType = wrapper.cfbundle; includeInIndex = 0; path = "AppReceiptValidator Tests.xctest"; sourceTree = BUILT_PRODUCTS_DIR; };
		D19095AD1F6001800095729B /* Info.plist */ = {isa = PBXFileReference; lastKnownFileType = text.plist.xml; path = Info.plist; sourceTree = "<group>"; };
		D19095BF1F60158B0095729B /* DeviceIdentifier+installedDeviceIdentifier_macOS.swift */ = {isa = PBXFileReference; lastKnownFileType = sourcecode.swift; path = "DeviceIdentifier+installedDeviceIdentifier_macOS.swift"; sourceTree = "<group>"; };
		D19095C11F6019E70095729B /* DeviceIdentifier+installedDeviceIdentifier_iOS.swift */ = {isa = PBXFileReference; lastKnownFileType = sourcecode.swift; path = "DeviceIdentifier+installedDeviceIdentifier_iOS.swift"; sourceTree = "<group>"; };
		D19095C41F601DEA0095729B /* AppleIncRootCertificate.cer */ = {isa = PBXFileReference; lastKnownFileType = file; path = AppleIncRootCertificate.cer; sourceTree = "<group>"; };
		D1A428A81FE4267A00926BA5 /* UnofficialReceipt.swift */ = {isa = PBXFileReference; lastKnownFileType = sourcecode.swift; path = UnofficialReceipt.swift; sourceTree = "<group>"; };
		D1AA845A1F6ABB31007F2558 /* AppReceiptPropertyValidationTests.swift */ = {isa = PBXFileReference; lastKnownFileType = sourcecode.swift; path = AppReceiptPropertyValidationTests.swift; sourceTree = "<group>"; };
		D1D6F4B51F5D684C00E86FE1 /* AppReceiptValidator.framework */ = {isa = PBXFileReference; explicitFileType = wrapper.framework; includeInIndex = 0; path = AppReceiptValidator.framework; sourceTree = BUILT_PRODUCTS_DIR; };
		D1D6F4E41F5D691400E86FE1 /* AppReceiptValidator Demo iOS.app */ = {isa = PBXFileReference; explicitFileType = wrapper.application; includeInIndex = 0; path = "AppReceiptValidator Demo iOS.app"; sourceTree = BUILT_PRODUCTS_DIR; };
		D1D6F4E61F5D691400E86FE1 /* AppDelegate.swift */ = {isa = PBXFileReference; lastKnownFileType = sourcecode.swift; path = AppDelegate.swift; sourceTree = "<group>"; };
		D1D6F4E81F5D691400E86FE1 /* ViewController.swift */ = {isa = PBXFileReference; lastKnownFileType = sourcecode.swift; path = ViewController.swift; sourceTree = "<group>"; };
		D1D6F4EB1F5D691400E86FE1 /* Base */ = {isa = PBXFileReference; lastKnownFileType = file.storyboard; name = Base; path = Base.lproj/Main.storyboard; sourceTree = "<group>"; };
		D1D6F4ED1F5D691400E86FE1 /* Assets.xcassets */ = {isa = PBXFileReference; lastKnownFileType = folder.assetcatalog; path = Assets.xcassets; sourceTree = "<group>"; };
		D1D6F4F01F5D691400E86FE1 /* Base */ = {isa = PBXFileReference; lastKnownFileType = file.storyboard; name = Base; path = Base.lproj/LaunchScreen.storyboard; sourceTree = "<group>"; };
		D1D6F4F21F5D691400E86FE1 /* Info.plist */ = {isa = PBXFileReference; lastKnownFileType = text.plist.xml; path = Info.plist; sourceTree = "<group>"; };
		D1D6F4FE1F5D696800E86FE1 /* Info.plist */ = {isa = PBXFileReference; lastKnownFileType = text.plist.xml; path = Info.plist; sourceTree = "<group>"; };
		D1D6F53E1F5D89D000E86FE1 /* AppReceiptValidator.swift */ = {isa = PBXFileReference; lastKnownFileType = sourcecode.swift; path = AppReceiptValidator.swift; sourceTree = "<group>"; };
		D1D6F5411F5D8A3800E86FE1 /* AppReceiptValidationTests.swift */ = {isa = PBXFileReference; lastKnownFileType = sourcecode.swift; path = AppReceiptValidationTests.swift; sourceTree = "<group>"; };
		D1D6F5441F5D8DF700E86FE1 /* hannes_mac_mindnode_Info.plist */ = {isa = PBXFileReference; lastKnownFileType = text.plist.xml; path = hannes_mac_mindnode_Info.plist; sourceTree = "<group>"; };
		D1D6F5451F5D8DF700E86FE1 /* hannes_mac_mindnode_pro_receipt */ = {isa = PBXFileReference; lastKnownFileType = file; path = hannes_mac_mindnode_pro_receipt; sourceTree = "<group>"; };
		D1D6F5461F5D8DF700E86FE1 /* hannes_mac_mindnode_receipt */ = {isa = PBXFileReference; lastKnownFileType = file; path = hannes_mac_mindnode_receipt; sourceTree = "<group>"; };
		D1D6F5471F5D8DF700E86FE1 /* hannes_mac_mindnode_pro_Info.plist */ = {isa = PBXFileReference; lastKnownFileType = text.plist.xml; path = hannes_mac_mindnode_pro_Info.plist; sourceTree = "<group>"; };
		D1D6F5491F5D9B1F00E86FE1 /* TestAssetLoading.swift */ = {isa = PBXFileReference; lastKnownFileType = sourcecode.swift; path = TestAssetLoading.swift; sourceTree = "<group>"; };
		D1D6F54F1F5D9E8D00E86FE1 /* not_a_receipt */ = {isa = PBXFileReference; lastKnownFileType = text; path = not_a_receipt; sourceTree = "<group>"; };
		D1DFC5D920037B8400C7B99B /* KnownOrUnknown.swift */ = {isa = PBXFileReference; lastKnownFileType = sourcecode.swift; path = KnownOrUnknown.swift; sourceTree = "<group>"; };
		D1FE343C1F604F020029576B /* Receipt.swift */ = {isa = PBXFileReference; lastKnownFileType = sourcecode.swift; path = Receipt.swift; sourceTree = "<group>"; };
		D1FE343F1F604F540029576B /* AppReceiptValidator+Parameters.swift */ = {isa = PBXFileReference; lastKnownFileType = sourcecode.swift; path = "AppReceiptValidator+Parameters.swift"; sourceTree = "<group>"; };
		FE4C60A925026A4300CED438 /* Package.swift */ = {isa = PBXFileReference; lastKnownFileType = sourcecode.swift; name = Package.swift; path = ../Package.swift; sourceTree = "<group>"; };
/* End PBXFileReference section */

/* Begin PBXFrameworksBuildPhase section */
		D190957E1F6000A40095729B /* Frameworks */ = {
			isa = PBXFrameworksBuildPhase;
			buildActionMask = 2147483647;
			files = (
			);
			runOnlyForDeploymentPostprocessing = 0;
		};
		D19095A61F6001800095729B /* Frameworks */ = {
			isa = PBXFrameworksBuildPhase;
			buildActionMask = 2147483647;
			files = (
				D19095AE1F6001800095729B /* AppReceiptValidator.framework in Frameworks */,
			);
			runOnlyForDeploymentPostprocessing = 0;
		};
		D1D6F4B11F5D684C00E86FE1 /* Frameworks */ = {
			isa = PBXFrameworksBuildPhase;
			buildActionMask = 2147483647;
			files = (
				BA09A90224E136CA00798DBC /* openssl.xcframework in Frameworks */,
			);
			runOnlyForDeploymentPostprocessing = 0;
		};
		D1D6F4E11F5D691400E86FE1 /* Frameworks */ = {
			isa = PBXFrameworksBuildPhase;
			buildActionMask = 2147483647;
			files = (
				D19095B81F6003AB0095729B /* AppReceiptValidator.framework in Frameworks */,
			);
			runOnlyForDeploymentPostprocessing = 0;
		};
/* End PBXFrameworksBuildPhase section */

/* Begin PBXGroup section */
		D14FA7341F614A9C00545540 /* OpenSSL */ = {
			isa = PBXGroup;
			children = (
				BA09A90124E136CA00798DBC /* openssl.xcframework */,
				D14FA7371F6181C700545540 /* OpenSSLWrappers.swift */,
				D14FA73A1F618B0100545540 /* ASN1Helpers.swift */,
			);
			path = OpenSSL;
			sourceTree = "<group>";
		};
		D153589F1F62BE3200F297D0 /* Other Receipts */ = {
			isa = PBXGroup;
			children = (
				D15358B01F62C3C400F297D0 /* unparseable */,
				D15358A51F62BEC100F297D0 /* grandUnifiedExpiredAppleCert_receipt.b64 */,
			);
			path = "Other Receipts";
			sourceTree = "<group>";
		};
		D15358B01F62C3C400F297D0 /* unparseable */ = {
			isa = PBXGroup;
			children = (
				D15358B11F62C3C400F297D0 /* deprecatedSinglesTypeExpiredAppleCert_receipt.b64 */,
			);
			path = unparseable;
			sourceTree = "<group>";
		};
		D19095821F6000A40095729B /* AppReceiptValidator Demo macOS */ = {
			isa = PBXGroup;
			children = (
				D19095831F6000A40095729B /* AppDelegate.swift */,
				D13E5B7C20331B9B001880F0 /* DropAcceptingTextView.swift */,
				D19095851F6000A40095729B /* ViewController.swift */,
				D19095871F6000A40095729B /* Assets.xcassets */,
				D19095891F6000A40095729B /* Main.storyboard */,
				D190958C1F6000A40095729B /* Info.plist */,
				D190958D1F6000A40095729B /* AppReceiptValidator_Demo_macOS.entitlements */,
			);
			path = "AppReceiptValidator Demo macOS";
			sourceTree = "<group>";
		};
		D19095951F6000A40095729B /* AppReceiptValidator Tests macOS */ = {
			isa = PBXGroup;
			children = (
				D19095981F6000A40095729B /* Info.plist */,
			);
			path = "AppReceiptValidator Tests macOS";
			sourceTree = "<group>";
		};
		D19095AA1F6001800095729B /* AppReceiptValidator Tests iOS */ = {
			isa = PBXGroup;
			children = (
				D19095AD1F6001800095729B /* Info.plist */,
			);
			path = "AppReceiptValidator Tests iOS";
			sourceTree = "<group>";
		};
		D19095B61F6001C20095729B /* AppReceiptValidator Tests Shared */ = {
			isa = PBXGroup;
			children = (
				D1D6F5411F5D8A3800E86FE1 /* AppReceiptValidationTests.swift */,
				D1AA845A1F6ABB31007F2558 /* AppReceiptPropertyValidationTests.swift */,
				D150A0ED1F669A880026ED04 /* AppReceiptValidationInAppPurchaseTests.swift */,
				D114544521A6BDE6001BEC61 /* DeviceIdentifierTests.swift */,
				D1D6F5481F5D9B1100E86FE1 /* Tools */,
				D1D6F5431F5D8DBC00E86FE1 /* Test Assets */,
			);
			path = "AppReceiptValidator Tests Shared";
			sourceTree = "<group>";
		};
		D1D6F4921F5D67E600E86FE1 = {
			isa = PBXGroup;
			children = (
				FE4C60A925026A4300CED438 /* Package.swift */,
				D1D6F4FC1F5D696800E86FE1 /* AppReceiptValidator */,
				D1D6F4E51F5D691400E86FE1 /* AppReceiptValidator Demo iOS */,
				D19095821F6000A40095729B /* AppReceiptValidator Demo macOS */,
				D19095951F6000A40095729B /* AppReceiptValidator Tests macOS */,
				D19095AA1F6001800095729B /* AppReceiptValidator Tests iOS */,
				D19095B61F6001C20095729B /* AppReceiptValidator Tests Shared */,
				D1D6F49C1F5D67E600E86FE1 /* Products */,
			);
			sourceTree = "<group>";
		};
		D1D6F49C1F5D67E600E86FE1 /* Products */ = {
			isa = PBXGroup;
			children = (
				D1D6F4B51F5D684C00E86FE1 /* AppReceiptValidator.framework */,
				D1D6F4E41F5D691400E86FE1 /* AppReceiptValidator Demo iOS.app */,
				D19095811F6000A40095729B /* AppReceiptValidator Demo macOS.app */,
				D19095A91F6001800095729B /* AppReceiptValidator Tests.xctest */,
			);
			name = Products;
			sourceTree = "<group>";
		};
		D1D6F4E51F5D691400E86FE1 /* AppReceiptValidator Demo iOS */ = {
			isa = PBXGroup;
			children = (
				D1D6F4E61F5D691400E86FE1 /* AppDelegate.swift */,
				D1D6F4E81F5D691400E86FE1 /* ViewController.swift */,
				D1D6F4EA1F5D691400E86FE1 /* Main.storyboard */,
				D1D6F4ED1F5D691400E86FE1 /* Assets.xcassets */,
				D1D6F4EF1F5D691400E86FE1 /* LaunchScreen.storyboard */,
				D1D6F4F21F5D691400E86FE1 /* Info.plist */,
			);
			path = "AppReceiptValidator Demo iOS";
			sourceTree = "<group>";
		};
		D1D6F4FC1F5D696800E86FE1 /* AppReceiptValidator */ = {
			isa = PBXGroup;
			children = (
				D19095C41F601DEA0095729B /* AppleIncRootCertificate.cer */,
				D14FA7341F614A9C00545540 /* OpenSSL */,
				D1D6F5271F5D863900E86FE1 /* Supporting Files */,
				D1D6F53E1F5D89D000E86FE1 /* AppReceiptValidator.swift */,
				D1FE343C1F604F020029576B /* Receipt.swift */,
				D1A428A81FE4267A00926BA5 /* UnofficialReceipt.swift */,
				D1FE343F1F604F540029576B /* AppReceiptValidator+Parameters.swift */,
				D19095BF1F60158B0095729B /* DeviceIdentifier+installedDeviceIdentifier_macOS.swift */,
				D19095C11F6019E70095729B /* DeviceIdentifier+installedDeviceIdentifier_iOS.swift */,
			);
			path = AppReceiptValidator;
			sourceTree = "<group>";
		};
		D1D6F5271F5D863900E86FE1 /* Supporting Files */ = {
			isa = PBXGroup;
			children = (
				D1D6F4FE1F5D696800E86FE1 /* Info.plist */,
			);
			path = "Supporting Files";
			sourceTree = "<group>";
		};
		D1D6F5431F5D8DBC00E86FE1 /* Test Assets */ = {
			isa = PBXGroup;
			children = (
				D153589F1F62BE3200F297D0 /* Other Receipts */,
				D14FA7311F61472400545540 /* mac_mindnode_rebought_receipt */,
				D1D6F5441F5D8DF700E86FE1 /* hannes_mac_mindnode_Info.plist */,
				D1D6F5461F5D8DF700E86FE1 /* hannes_mac_mindnode_receipt */,
				D1D6F5471F5D8DF700E86FE1 /* hannes_mac_mindnode_pro_Info.plist */,
				D1D6F5451F5D8DF700E86FE1 /* hannes_mac_mindnode_pro_receipt */,
				D150A0E21F66936B0026ED04 /* mindnode_ios_michaelsandbox_receipt1.b64 */,
				D150A0E81F6698950026ED04 /* mindnode_ios_michaelsandbox_receipt2.b64 */,
				D1D6F54F1F5D9E8D00E86FE1 /* not_a_receipt */,
			);
			path = "Test Assets";
			sourceTree = "<group>";
		};
		D1D6F5481F5D9B1100E86FE1 /* Tools */ = {
			isa = PBXGroup;
			children = (
				D14FA72E1F6143C400545540 /* Date+Convenience.swift */,
				D1D6F5491F5D9B1F00E86FE1 /* TestAssetLoading.swift */,
				D1DFC5D920037B8400C7B99B /* KnownOrUnknown.swift */,
			);
			path = Tools;
			sourceTree = "<group>";
		};
/* End PBXGroup section */

/* Begin PBXHeadersBuildPhase section */
		D1D6F4B21F5D684C00E86FE1 /* Headers */ = {
			isa = PBXHeadersBuildPhase;
			buildActionMask = 2147483647;
			files = (
			);
			runOnlyForDeploymentPostprocessing = 0;
		};
/* End PBXHeadersBuildPhase section */

/* Begin PBXNativeTarget section */
		D19095801F6000A40095729B /* AppReceiptValidator Demo macOS */ = {
			isa = PBXNativeTarget;
			buildConfigurationList = D190959D1F6000A40095729B /* Build configuration list for PBXNativeTarget "AppReceiptValidator Demo macOS" */;
			buildPhases = (
				D190957D1F6000A40095729B /* Sources */,
				D190957E1F6000A40095729B /* Frameworks */,
				D190957F1F6000A40095729B /* Resources */,
				D1DEE48D20EBAEE800F95036 /* Swiftlint */,
				D16E2AC924E2EC52002DD8C5 /* Embed Frameworks */,
			);
			buildRules = (
			);
			dependencies = (
			);
			name = "AppReceiptValidator Demo macOS";
			productName = "AppReceiptValidator Demo macOS";
			productReference = D19095811F6000A40095729B /* AppReceiptValidator Demo macOS.app */;
			productType = "com.apple.product-type.application";
		};
		D19095A81F6001800095729B /* AppReceiptValidator Tests */ = {
			isa = PBXNativeTarget;
			buildConfigurationList = D19095B11F6001800095729B /* Build configuration list for PBXNativeTarget "AppReceiptValidator Tests" */;
			buildPhases = (
				D19095A51F6001800095729B /* Sources */,
				D19095A61F6001800095729B /* Frameworks */,
				D19095A71F6001800095729B /* Resources */,
			);
			buildRules = (
			);
			dependencies = (
				D19095B01F6001800095729B /* PBXTargetDependency */,
				D19095B51F6001900095729B /* PBXTargetDependency */,
			);
			name = "AppReceiptValidator Tests";
			productName = AppReceiptValidator_iOSTests;
			productReference = D19095A91F6001800095729B /* AppReceiptValidator Tests.xctest */;
			productType = "com.apple.product-type.bundle.unit-test";
		};
		D1D6F4B41F5D684C00E86FE1 /* AppReceiptValidator */ = {
			isa = PBXNativeTarget;
			buildConfigurationList = D1D6F4BA1F5D684C00E86FE1 /* Build configuration list for PBXNativeTarget "AppReceiptValidator" */;
			buildPhases = (
				D1D6F4B01F5D684C00E86FE1 /* Sources */,
				D1D6F4B11F5D684C00E86FE1 /* Frameworks */,
				D1D6F4B21F5D684C00E86FE1 /* Headers */,
				D1D6F4B31F5D684C00E86FE1 /* Resources */,
			);
			buildRules = (
			);
			dependencies = (
			);
			name = AppReceiptValidator;
			productName = AppReceiptValidator_iOS;
			productReference = D1D6F4B51F5D684C00E86FE1 /* AppReceiptValidator.framework */;
			productType = "com.apple.product-type.framework";
		};
		D1D6F4E31F5D691400E86FE1 /* AppReceiptValidator Demo iOS */ = {
			isa = PBXNativeTarget;
			buildConfigurationList = D1D6F4F31F5D691400E86FE1 /* Build configuration list for PBXNativeTarget "AppReceiptValidator Demo iOS" */;
			buildPhases = (
				D1D6F4E01F5D691400E86FE1 /* Sources */,
				D1D6F4E11F5D691400E86FE1 /* Frameworks */,
				D1D6F4E21F5D691400E86FE1 /* Resources */,
				D1D6F5071F5D696800E86FE1 /* Embed Frameworks */,
				D1DEE48C20EBAEC800F95036 /* Swiftlint */,
			);
			buildRules = (
			);
			dependencies = (
				D11616D31F5ED38A00D966D5 /* PBXTargetDependency */,
			);
			name = "AppReceiptValidator Demo iOS";
			productName = "Demo iOS";
			productReference = D1D6F4E41F5D691400E86FE1 /* AppReceiptValidator Demo iOS.app */;
			productType = "com.apple.product-type.application";
		};
/* End PBXNativeTarget section */

/* Begin PBXProject section */
		D1D6F4931F5D67E600E86FE1 /* Project object */ = {
			isa = PBXProject;
			attributes = {
				LastSwiftUpdateCheck = 0900;
				LastUpgradeCheck = 1200;
				ORGANIZATIONNAME = "IdeasOnCanvas GmbH";
				TargetAttributes = {
					D19095801F6000A40095729B = {
						CreatedOnToolsVersion = 9.0;
						LastSwiftMigration = 1020;
						ProvisioningStyle = Automatic;
						SystemCapabilities = {
							com.apple.Sandbox = {
								enabled = 0;
							};
						};
					};
					D19095A81F6001800095729B = {
						CreatedOnToolsVersion = 9.0;
						LastSwiftMigration = 1020;
						ProvisioningStyle = Automatic;
					};
					D1D6F4B41F5D684C00E86FE1 = {
						CreatedOnToolsVersion = 9.0;
						LastSwiftMigration = 1020;
						ProvisioningStyle = Automatic;
					};
					D1D6F4E31F5D691400E86FE1 = {
						CreatedOnToolsVersion = 9.0;
						LastSwiftMigration = 1020;
						ProvisioningStyle = Automatic;
					};
				};
			};
			buildConfigurationList = D1D6F4961F5D67E600E86FE1 /* Build configuration list for PBXProject "AppReceiptValidator" */;
			compatibilityVersion = "Xcode 8.0";
			developmentRegion = en;
			hasScannedForEncodings = 0;
			knownRegions = (
				en,
				Base,
			);
			mainGroup = D1D6F4921F5D67E600E86FE1;
			productRefGroup = D1D6F49C1F5D67E600E86FE1 /* Products */;
			projectDirPath = "";
			projectRoot = "";
			targets = (
				D1D6F4B41F5D684C00E86FE1 /* AppReceiptValidator */,
				D19095A81F6001800095729B /* AppReceiptValidator Tests */,
				D1D6F4E31F5D691400E86FE1 /* AppReceiptValidator Demo iOS */,
				D19095801F6000A40095729B /* AppReceiptValidator Demo macOS */,
			);
		};
/* End PBXProject section */

/* Begin PBXResourcesBuildPhase section */
		D190957F1F6000A40095729B /* Resources */ = {
			isa = PBXResourcesBuildPhase;
			buildActionMask = 2147483647;
			files = (
				D19095881F6000A40095729B /* Assets.xcassets in Resources */,
				D190958B1F6000A40095729B /* Main.storyboard in Resources */,
			);
			runOnlyForDeploymentPostprocessing = 0;
		};
		D19095A71F6001800095729B /* Resources */ = {
			isa = PBXResourcesBuildPhase;
			buildActionMask = 2147483647;
			files = (
				D19095CB1F601E5D0095729B /* hannes_mac_mindnode_pro_receipt in Resources */,
				D14FA7321F61476700545540 /* mac_mindnode_rebought_receipt in Resources */,
				D19095CA1F601E5D0095729B /* hannes_mac_mindnode_pro_Info.plist in Resources */,
				D19095C91F601E5D0095729B /* hannes_mac_mindnode_receipt in Resources */,
				D15358AE1F62C12500F297D0 /* grandUnifiedExpiredAppleCert_receipt.b64 in Resources */,
				D19095CC1F601E5D0095729B /* not_a_receipt in Resources */,
				D150A0EA1F66989A0026ED04 /* mindnode_ios_michaelsandbox_receipt2.b64 in Resources */,
				D19095C81F601E5D0095729B /* hannes_mac_mindnode_Info.plist in Resources */,
				D15358B41F62C47400F297D0 /* deprecatedSinglesTypeExpiredAppleCert_receipt.b64 in Resources */,
				D150A0E41F6694990026ED04 /* mindnode_ios_michaelsandbox_receipt1.b64 in Resources */,
			);
			runOnlyForDeploymentPostprocessing = 0;
		};
		D1D6F4B31F5D684C00E86FE1 /* Resources */ = {
			isa = PBXResourcesBuildPhase;
			buildActionMask = 2147483647;
			files = (
				D1239FFF1F6A7B5000D0421E /* AppleIncRootCertificate.cer in Resources */,
			);
			runOnlyForDeploymentPostprocessing = 0;
		};
		D1D6F4E21F5D691400E86FE1 /* Resources */ = {
			isa = PBXResourcesBuildPhase;
			buildActionMask = 2147483647;
			files = (
				D1D6F4F11F5D691400E86FE1 /* LaunchScreen.storyboard in Resources */,
				D1D6F4EE1F5D691400E86FE1 /* Assets.xcassets in Resources */,
				D1D6F4EC1F5D691400E86FE1 /* Main.storyboard in Resources */,
			);
			runOnlyForDeploymentPostprocessing = 0;
		};
/* End PBXResourcesBuildPhase section */

/* Begin PBXShellScriptBuildPhase section */
		D1DEE48C20EBAEC800F95036 /* Swiftlint */ = {
			isa = PBXShellScriptBuildPhase;
			buildActionMask = 2147483647;
			files = (
			);
			inputFileListPaths = (
			);
			inputPaths = (
				"$(SRCROOT)",
			);
			name = Swiftlint;
			outputFileListPaths = (
			);
			outputPaths = (
			);
			runOnlyForDeploymentPostprocessing = 0;
			shellPath = /bin/sh;
			shellScript = "if which swiftlint >/dev/null; then\nswiftlint\nelse\necho \"warning: SwiftLint not installed, download from https://github.com/realm/SwiftLint\"\nfi\n";
		};
		D1DEE48D20EBAEE800F95036 /* Swiftlint */ = {
			isa = PBXShellScriptBuildPhase;
			buildActionMask = 2147483647;
			files = (
			);
			inputFileListPaths = (
			);
			inputPaths = (
				"$(SRCROOT)",
			);
			name = Swiftlint;
			outputFileListPaths = (
			);
			outputPaths = (
			);
			runOnlyForDeploymentPostprocessing = 0;
			shellPath = /bin/sh;
			shellScript = "if which swiftlint >/dev/null; then\nswiftlint\nelse\necho \"warning: SwiftLint not installed, download from https://github.com/realm/SwiftLint\"\nfi\n";
		};
/* End PBXShellScriptBuildPhase section */

/* Begin PBXSourcesBuildPhase section */
		D190957D1F6000A40095729B /* Sources */ = {
			isa = PBXSourcesBuildPhase;
			buildActionMask = 2147483647;
			files = (
				D19095861F6000A40095729B /* ViewController.swift in Sources */,
				D13E5B7D20331B9B001880F0 /* DropAcceptingTextView.swift in Sources */,
				D19095841F6000A40095729B /* AppDelegate.swift in Sources */,
			);
			runOnlyForDeploymentPostprocessing = 0;
		};
		D19095A51F6001800095729B /* Sources */ = {
			isa = PBXSourcesBuildPhase;
			buildActionMask = 2147483647;
			files = (
				D19095C71F601E580095729B /* TestAssetLoading.swift in Sources */,
				D19095CE1F601E980095729B /* AppReceiptValidationTests.swift in Sources */,
				D1AA845C1F6ABB59007F2558 /* AppReceiptPropertyValidationTests.swift in Sources */,
				D150A0EE1F669A880026ED04 /* AppReceiptValidationInAppPurchaseTests.swift in Sources */,
				D114544621A6BDE6001BEC61 /* DeviceIdentifierTests.swift in Sources */,
				D150A0F11F67E0990026ED04 /* Date+Convenience.swift in Sources */,
			);
			runOnlyForDeploymentPostprocessing = 0;
		};
		D1D6F4B01F5D684C00E86FE1 /* Sources */ = {
			isa = PBXSourcesBuildPhase;
			buildActionMask = 2147483647;
			files = (
				FE4C60A72502686A00CED438 /* DeviceIdentifier+installedDeviceIdentifier_macOS.swift in Sources */,
				D1A428A91FE4267A00926BA5 /* UnofficialReceipt.swift in Sources */,
				D1D6F53F1F5D89D000E86FE1 /* AppReceiptValidator.swift in Sources */,
				D1FE34401F604F540029576B /* AppReceiptValidator+Parameters.swift in Sources */,
				D19095C31F6019FC0095729B /* DeviceIdentifier+installedDeviceIdentifier_iOS.swift in Sources */,
				D1DFC5DA20037B8400C7B99B /* KnownOrUnknown.swift in Sources */,
				D1FE343D1F604F020029576B /* Receipt.swift in Sources */,
				D14FA73B1F618B0100545540 /* ASN1Helpers.swift in Sources */,
				D14FA7381F6181C700545540 /* OpenSSLWrappers.swift in Sources */,
			);
			runOnlyForDeploymentPostprocessing = 0;
		};
		D1D6F4E01F5D691400E86FE1 /* Sources */ = {
			isa = PBXSourcesBuildPhase;
			buildActionMask = 2147483647;
			files = (
				D1D6F4E91F5D691400E86FE1 /* ViewController.swift in Sources */,
				D1D6F4E71F5D691400E86FE1 /* AppDelegate.swift in Sources */,
			);
			runOnlyForDeploymentPostprocessing = 0;
		};
/* End PBXSourcesBuildPhase section */

/* Begin PBXTargetDependency section */
		D11616D31F5ED38A00D966D5 /* PBXTargetDependency */ = {
			isa = PBXTargetDependency;
			target = D1D6F4B41F5D684C00E86FE1 /* AppReceiptValidator */;
			targetProxy = D11616D21F5ED38A00D966D5 /* PBXContainerItemProxy */;
		};
		D19095B01F6001800095729B /* PBXTargetDependency */ = {
			isa = PBXTargetDependency;
			target = D1D6F4B41F5D684C00E86FE1 /* AppReceiptValidator */;
			targetProxy = D19095AF1F6001800095729B /* PBXContainerItemProxy */;
		};
		D19095B51F6001900095729B /* PBXTargetDependency */ = {
			isa = PBXTargetDependency;
			target = D1D6F4E31F5D691400E86FE1 /* AppReceiptValidator Demo iOS */;
			targetProxy = D19095B41F6001900095729B /* PBXContainerItemProxy */;
		};
/* End PBXTargetDependency section */

/* Begin PBXVariantGroup section */
		D19095891F6000A40095729B /* Main.storyboard */ = {
			isa = PBXVariantGroup;
			children = (
				D190958A1F6000A40095729B /* Base */,
			);
			name = Main.storyboard;
			sourceTree = "<group>";
		};
		D1D6F4EA1F5D691400E86FE1 /* Main.storyboard */ = {
			isa = PBXVariantGroup;
			children = (
				D1D6F4EB1F5D691400E86FE1 /* Base */,
			);
			name = Main.storyboard;
			sourceTree = "<group>";
		};
		D1D6F4EF1F5D691400E86FE1 /* LaunchScreen.storyboard */ = {
			isa = PBXVariantGroup;
			children = (
				D1D6F4F01F5D691400E86FE1 /* Base */,
			);
			name = LaunchScreen.storyboard;
			sourceTree = "<group>";
		};
/* End PBXVariantGroup section */

/* Begin XCBuildConfiguration section */
		D19095991F6000A40095729B /* Debug */ = {
			isa = XCBuildConfiguration;
			buildSettings = {
				ASSETCATALOG_COMPILER_APPICON_NAME = AppIcon;
				CODE_SIGN_IDENTITY = "-";
				CODE_SIGN_STYLE = Automatic;
				COMBINE_HIDPI_IMAGES = YES;
				DEVELOPMENT_TEAM = "";
				INFOPLIST_FILE = "AppReceiptValidator Demo macOS/Info.plist";
				LD_RUNPATH_SEARCH_PATHS = (
					"$(inherited)",
					"@executable_path/../Frameworks",
				);
				PRODUCT_BUNDLE_IDENTIFIER = "com.ideasoncanvas.AppReceiptValidator-Demo-macOS";
				PRODUCT_NAME = "$(TARGET_NAME)";
				PROVISIONING_PROFILE_SPECIFIER = "";
				SDKROOT = macosx;
				SWIFT_VERSION = 5.0;
			};
			name = Debug;
		};
		D190959A1F6000A40095729B /* Release */ = {
			isa = XCBuildConfiguration;
			buildSettings = {
				ASSETCATALOG_COMPILER_APPICON_NAME = AppIcon;
				CODE_SIGN_IDENTITY = "-";
				CODE_SIGN_STYLE = Automatic;
				COMBINE_HIDPI_IMAGES = YES;
				DEVELOPMENT_TEAM = "";
				INFOPLIST_FILE = "AppReceiptValidator Demo macOS/Info.plist";
				LD_RUNPATH_SEARCH_PATHS = (
					"$(inherited)",
					"@executable_path/../Frameworks",
				);
				PRODUCT_BUNDLE_IDENTIFIER = "com.ideasoncanvas.AppReceiptValidator-Demo-macOS";
				PRODUCT_NAME = "$(TARGET_NAME)";
				PROVISIONING_PROFILE_SPECIFIER = "";
				SDKROOT = macosx;
				SWIFT_VERSION = 5.0;
			};
			name = Release;
		};
		D19095B21F6001800095729B /* Debug */ = {
			isa = XCBuildConfiguration;
			buildSettings = {
				CODE_SIGN_STYLE = Automatic;
				DEVELOPMENT_TEAM = "";
				INFOPLIST_FILE = "AppReceiptValidator Tests iOS/Info.plist";
				LD_RUNPATH_SEARCH_PATHS = (
					"$(inherited)",
					"@executable_path/Frameworks",
					"@loader_path/Frameworks",
				);
				PRODUCT_BUNDLE_IDENTIFIER = "com.ideasoncanvas.AppReceiptValidator-iOSTests";
				PRODUCT_NAME = "$(TARGET_NAME)";
				SWIFT_VERSION = 5.0;
				TARGETED_DEVICE_FAMILY = "1,2";
			};
			name = Debug;
		};
		D19095B31F6001800095729B /* Release */ = {
			isa = XCBuildConfiguration;
			buildSettings = {
				CODE_SIGN_STYLE = Automatic;
				DEVELOPMENT_TEAM = "";
				INFOPLIST_FILE = "AppReceiptValidator Tests iOS/Info.plist";
				LD_RUNPATH_SEARCH_PATHS = (
					"$(inherited)",
					"@executable_path/Frameworks",
					"@loader_path/Frameworks",
				);
				PRODUCT_BUNDLE_IDENTIFIER = "com.ideasoncanvas.AppReceiptValidator-iOSTests";
				PRODUCT_NAME = "$(TARGET_NAME)";
				SWIFT_VERSION = 5.0;
				TARGETED_DEVICE_FAMILY = "1,2";
			};
			name = Release;
		};
		D1D6F4AB1F5D67E600E86FE1 /* Debug */ = {
			isa = XCBuildConfiguration;
			buildSettings = {
				ALWAYS_SEARCH_USER_PATHS = NO;
				CLANG_ANALYZER_NONNULL = YES;
				CLANG_ANALYZER_NUMBER_OBJECT_CONVERSION = YES_AGGRESSIVE;
				CLANG_CXX_LANGUAGE_STANDARD = "gnu++14";
				CLANG_CXX_LIBRARY = "libc++";
				CLANG_ENABLE_MODULES = YES;
				CLANG_ENABLE_OBJC_ARC = YES;
				CLANG_WARN_BLOCK_CAPTURE_AUTORELEASING = YES;
				CLANG_WARN_BOOL_CONVERSION = YES;
				CLANG_WARN_COMMA = YES;
				CLANG_WARN_CONSTANT_CONVERSION = YES;
				CLANG_WARN_DEPRECATED_OBJC_IMPLEMENTATIONS = YES;
				CLANG_WARN_DIRECT_OBJC_ISA_USAGE = YES_ERROR;
				CLANG_WARN_DOCUMENTATION_COMMENTS = YES;
				CLANG_WARN_EMPTY_BODY = YES;
				CLANG_WARN_ENUM_CONVERSION = YES;
				CLANG_WARN_INFINITE_RECURSION = YES;
				CLANG_WARN_INT_CONVERSION = YES;
				CLANG_WARN_NON_LITERAL_NULL_CONVERSION = YES;
				CLANG_WARN_OBJC_IMPLICIT_RETAIN_SELF = YES;
				CLANG_WARN_OBJC_LITERAL_CONVERSION = YES;
				CLANG_WARN_OBJC_ROOT_CLASS = YES_ERROR;
				CLANG_WARN_QUOTED_INCLUDE_IN_FRAMEWORK_HEADER = YES;
				CLANG_WARN_RANGE_LOOP_ANALYSIS = YES;
				CLANG_WARN_STRICT_PROTOTYPES = YES;
				CLANG_WARN_SUSPICIOUS_MOVE = YES;
				CLANG_WARN_UNGUARDED_AVAILABILITY = YES_AGGRESSIVE;
				CLANG_WARN_UNREACHABLE_CODE = YES;
				CLANG_WARN__DUPLICATE_METHOD_MATCH = YES;
				CODE_SIGN_IDENTITY = "";
				COPY_PHASE_STRIP = NO;
				DEBUG_INFORMATION_FORMAT = dwarf;
				ENABLE_STRICT_OBJC_MSGSEND = YES;
				ENABLE_TESTABILITY = YES;
				GCC_C_LANGUAGE_STANDARD = gnu11;
				GCC_DYNAMIC_NO_PIC = NO;
				GCC_NO_COMMON_BLOCKS = YES;
				GCC_OPTIMIZATION_LEVEL = 0;
				GCC_PREPROCESSOR_DEFINITIONS = (
					"DEBUG=1",
					"$(inherited)",
				);
				GCC_WARN_64_TO_32_BIT_CONVERSION = YES;
				GCC_WARN_ABOUT_RETURN_TYPE = YES_ERROR;
				GCC_WARN_UNDECLARED_SELECTOR = YES;
				GCC_WARN_UNINITIALIZED_AUTOS = YES_AGGRESSIVE;
				GCC_WARN_UNUSED_FUNCTION = YES;
				GCC_WARN_UNUSED_VARIABLE = YES;
				IPHONEOS_DEPLOYMENT_TARGET = 10.0;
				MACOSX_DEPLOYMENT_TARGET = 10.11;
				MTL_ENABLE_DEBUG_INFO = YES;
				ONLY_ACTIVE_ARCH = YES;
				PRODUCT_NAME = AppReceiptValidator;
				SUPPORTED_PLATFORMS = "macosx appletvsimulator appletvos iphonesimulator iphoneos";
				SWIFT_ACTIVE_COMPILATION_CONDITIONS = DEBUG;
				SWIFT_OPTIMIZATION_LEVEL = "-Onone";
				SWIFT_VERSION = 5.0;
				TARGETED_DEVICE_FAMILY = "1,2,3";
				TVOS_DEPLOYMENT_TARGET = 11.0;
			};
			name = Debug;
		};
		D1D6F4AC1F5D67E600E86FE1 /* Release */ = {
			isa = XCBuildConfiguration;
			buildSettings = {
				ALWAYS_SEARCH_USER_PATHS = NO;
				CLANG_ANALYZER_NONNULL = YES;
				CLANG_ANALYZER_NUMBER_OBJECT_CONVERSION = YES_AGGRESSIVE;
				CLANG_CXX_LANGUAGE_STANDARD = "gnu++14";
				CLANG_CXX_LIBRARY = "libc++";
				CLANG_ENABLE_MODULES = YES;
				CLANG_ENABLE_OBJC_ARC = YES;
				CLANG_WARN_BLOCK_CAPTURE_AUTORELEASING = YES;
				CLANG_WARN_BOOL_CONVERSION = YES;
				CLANG_WARN_COMMA = YES;
				CLANG_WARN_CONSTANT_CONVERSION = YES;
				CLANG_WARN_DEPRECATED_OBJC_IMPLEMENTATIONS = YES;
				CLANG_WARN_DIRECT_OBJC_ISA_USAGE = YES_ERROR;
				CLANG_WARN_DOCUMENTATION_COMMENTS = YES;
				CLANG_WARN_EMPTY_BODY = YES;
				CLANG_WARN_ENUM_CONVERSION = YES;
				CLANG_WARN_INFINITE_RECURSION = YES;
				CLANG_WARN_INT_CONVERSION = YES;
				CLANG_WARN_NON_LITERAL_NULL_CONVERSION = YES;
				CLANG_WARN_OBJC_IMPLICIT_RETAIN_SELF = YES;
				CLANG_WARN_OBJC_LITERAL_CONVERSION = YES;
				CLANG_WARN_OBJC_ROOT_CLASS = YES_ERROR;
				CLANG_WARN_QUOTED_INCLUDE_IN_FRAMEWORK_HEADER = YES;
				CLANG_WARN_RANGE_LOOP_ANALYSIS = YES;
				CLANG_WARN_STRICT_PROTOTYPES = YES;
				CLANG_WARN_SUSPICIOUS_MOVE = YES;
				CLANG_WARN_UNGUARDED_AVAILABILITY = YES_AGGRESSIVE;
				CLANG_WARN_UNREACHABLE_CODE = YES;
				CLANG_WARN__DUPLICATE_METHOD_MATCH = YES;
				CODE_SIGN_IDENTITY = "";
				COPY_PHASE_STRIP = NO;
				DEBUG_INFORMATION_FORMAT = "dwarf-with-dsym";
				ENABLE_NS_ASSERTIONS = NO;
				ENABLE_STRICT_OBJC_MSGSEND = YES;
				GCC_C_LANGUAGE_STANDARD = gnu11;
				GCC_NO_COMMON_BLOCKS = YES;
				GCC_WARN_64_TO_32_BIT_CONVERSION = YES;
				GCC_WARN_ABOUT_RETURN_TYPE = YES_ERROR;
				GCC_WARN_UNDECLARED_SELECTOR = YES;
				GCC_WARN_UNINITIALIZED_AUTOS = YES_AGGRESSIVE;
				GCC_WARN_UNUSED_FUNCTION = YES;
				GCC_WARN_UNUSED_VARIABLE = YES;
				IPHONEOS_DEPLOYMENT_TARGET = 10.0;
				MACOSX_DEPLOYMENT_TARGET = 10.11;
				MTL_ENABLE_DEBUG_INFO = NO;
				PRODUCT_NAME = AppReceiptValidator;
				SUPPORTED_PLATFORMS = "macosx appletvsimulator appletvos iphonesimulator iphoneos";
				SWIFT_COMPILATION_MODE = wholemodule;
				SWIFT_OPTIMIZATION_LEVEL = "-O";
				SWIFT_VERSION = 5.0;
				TARGETED_DEVICE_FAMILY = "1,2,3";
				TVOS_DEPLOYMENT_TARGET = 11.0;
				VALIDATE_PRODUCT = YES;
			};
			name = Release;
		};
		D1D6F4BB1F5D684C00E86FE1 /* Debug */ = {
			isa = XCBuildConfiguration;
			buildSettings = {
				APPLICATION_EXTENSION_API_ONLY = YES;
				CLANG_ENABLE_MODULES = YES;
				CODE_SIGN_IDENTITY = "";
				CODE_SIGN_STYLE = Automatic;
				CURRENT_PROJECT_VERSION = 1;
				DEFINES_MODULE = YES;
				DEVELOPMENT_TEAM = "";
				DYLIB_COMPATIBILITY_VERSION = 1;
				DYLIB_CURRENT_VERSION = 1;
				DYLIB_INSTALL_NAME_BASE = "@rpath";
				INFOPLIST_FILE = "$(SRCROOT)/AppReceiptValidator/Supporting Files/Info.plist";
				INSTALL_PATH = "$(LOCAL_LIBRARY_DIR)/Frameworks";
				LD_RUNPATH_SEARCH_PATHS = (
					"$(inherited)",
					"@executable_path/Frameworks",
					"@loader_path/Frameworks",
				);
				PRODUCT_BUNDLE_IDENTIFIER = com.ideasoncanvas.AppReceiptValidator;
				SKIP_INSTALL = YES;
				SUPPORTS_MACCATALYST = NO;
				SWIFT_OPTIMIZATION_LEVEL = "-Onone";
				SWIFT_VERSION = 5.0;
				VERSIONING_SYSTEM = "apple-generic";
				VERSION_INFO_PREFIX = "";
			};
			name = Debug;
		};
		D1D6F4BC1F5D684C00E86FE1 /* Release */ = {
			isa = XCBuildConfiguration;
			buildSettings = {
				APPLICATION_EXTENSION_API_ONLY = YES;
				CLANG_ENABLE_MODULES = YES;
				CODE_SIGN_IDENTITY = "";
				CODE_SIGN_STYLE = Automatic;
				CURRENT_PROJECT_VERSION = 1;
				DEFINES_MODULE = YES;
				DEVELOPMENT_TEAM = "";
				DYLIB_COMPATIBILITY_VERSION = 1;
				DYLIB_CURRENT_VERSION = 1;
				DYLIB_INSTALL_NAME_BASE = "@rpath";
				INFOPLIST_FILE = "$(SRCROOT)/AppReceiptValidator/Supporting Files/Info.plist";
				INSTALL_PATH = "$(LOCAL_LIBRARY_DIR)/Frameworks";
				LD_RUNPATH_SEARCH_PATHS = (
					"$(inherited)",
					"@executable_path/Frameworks",
					"@loader_path/Frameworks",
				);
				PRODUCT_BUNDLE_IDENTIFIER = com.ideasoncanvas.AppReceiptValidator;
				SKIP_INSTALL = YES;
				SUPPORTS_MACCATALYST = NO;
				SWIFT_VERSION = 5.0;
				VERSIONING_SYSTEM = "apple-generic";
				VERSION_INFO_PREFIX = "";
			};
			name = Release;
		};
		D1D6F4F41F5D691400E86FE1 /* Debug */ = {
			isa = XCBuildConfiguration;
			buildSettings = {
				ASSETCATALOG_COMPILER_APPICON_NAME = AppIcon;
				CLANG_ENABLE_MODULES = YES;
				CODE_SIGN_STYLE = Automatic;
				DEVELOPMENT_TEAM = "";
				INFOPLIST_FILE = "AppReceiptValidator Demo iOS/Info.plist";
				LD_RUNPATH_SEARCH_PATHS = (
					"$(inherited)",
					"@executable_path/Frameworks",
				);
				PRODUCT_BUNDLE_IDENTIFIER = "com.ideasoncanvas.AppReceiptValidator.Demo-iOS";
				PRODUCT_NAME = "$(TARGET_NAME)";
				SWIFT_OPTIMIZATION_LEVEL = "-Onone";
				SWIFT_VERSION = 5.0;
				TARGETED_DEVICE_FAMILY = "1,2";
			};
			name = Debug;
		};
		D1D6F4F51F5D691400E86FE1 /* Release */ = {
			isa = XCBuildConfiguration;
			buildSettings = {
				ASSETCATALOG_COMPILER_APPICON_NAME = AppIcon;
				CLANG_ENABLE_MODULES = YES;
				CODE_SIGN_STYLE = Automatic;
				DEVELOPMENT_TEAM = "";
				INFOPLIST_FILE = "AppReceiptValidator Demo iOS/Info.plist";
				LD_RUNPATH_SEARCH_PATHS = (
					"$(inherited)",
					"@executable_path/Frameworks",
				);
				PRODUCT_BUNDLE_IDENTIFIER = "com.ideasoncanvas.AppReceiptValidator.Demo-iOS";
				PRODUCT_NAME = "$(TARGET_NAME)";
				SWIFT_VERSION = 5.0;
				TARGETED_DEVICE_FAMILY = "1,2";
			};
			name = Release;
		};
/* End XCBuildConfiguration section */

/* Begin XCConfigurationList section */
		D190959D1F6000A40095729B /* Build configuration list for PBXNativeTarget "AppReceiptValidator Demo macOS" */ = {
			isa = XCConfigurationList;
			buildConfigurations = (
				D19095991F6000A40095729B /* Debug */,
				D190959A1F6000A40095729B /* Release */,
			);
			defaultConfigurationIsVisible = 0;
			defaultConfigurationName = Release;
		};
		D19095B11F6001800095729B /* Build configuration list for PBXNativeTarget "AppReceiptValidator Tests" */ = {
			isa = XCConfigurationList;
			buildConfigurations = (
				D19095B21F6001800095729B /* Debug */,
				D19095B31F6001800095729B /* Release */,
			);
			defaultConfigurationIsVisible = 0;
			defaultConfigurationName = Release;
		};
		D1D6F4961F5D67E600E86FE1 /* Build configuration list for PBXProject "AppReceiptValidator" */ = {
			isa = XCConfigurationList;
			buildConfigurations = (
				D1D6F4AB1F5D67E600E86FE1 /* Debug */,
				D1D6F4AC1F5D67E600E86FE1 /* Release */,
			);
			defaultConfigurationIsVisible = 0;
			defaultConfigurationName = Release;
		};
		D1D6F4BA1F5D684C00E86FE1 /* Build configuration list for PBXNativeTarget "AppReceiptValidator" */ = {
			isa = XCConfigurationList;
			buildConfigurations = (
				D1D6F4BB1F5D684C00E86FE1 /* Debug */,
				D1D6F4BC1F5D684C00E86FE1 /* Release */,
			);
			defaultConfigurationIsVisible = 0;
			defaultConfigurationName = Release;
		};
		D1D6F4F31F5D691400E86FE1 /* Build configuration list for PBXNativeTarget "AppReceiptValidator Demo iOS" */ = {
			isa = XCConfigurationList;
			buildConfigurations = (
				D1D6F4F41F5D691400E86FE1 /* Debug */,
				D1D6F4F51F5D691400E86FE1 /* Release */,
			);
			defaultConfigurationIsVisible = 0;
			defaultConfigurationName = Release;
		};
/* End XCConfigurationList section */
	};
	rootObject = D1D6F4931F5D67E600E86FE1 /* Project object */;
}
